Microsoft Visual Studio Solution File, Format Version 12.00
# Visual Studio Version 17
VisualStudioVersion = 17.5.2.0
MinimumVisualStudioVersion = 10.0.40219.1
Project("{FAE04EC0-301F-11D3-BF4B-00C04F79EFBC}") = "MasterlistOfBusiness", "MasterlistOfBusiness\MasterlistOfBusiness.csproj", "{6194436C-C1CA-38FB-2697-3DDFD2321397}"
EndProject
Global
	GlobalSection(SolutionConfigurationPlatforms) = preSolution
		Debug|Any CPU = Debug|Any CPU
		Release|Any CPU = Release|Any CPU
	EndGlobalSection
	GlobalSection(ProjectConfigurationPlatforms) = postSolution
		{6194436C-C1CA-38FB-2697-3DDFD2321397}.Debug|Any CPU.ActiveCfg = Debug|Any CPU
		{6194436C-C1CA-38FB-2697-3DDFD2321397}.Debug|Any CPU.Build.0 = Debug|Any CPU
		{6194436C-C1CA-38FB-2697-3DDFD2321397}.Release|Any CPU.ActiveCfg = Release|Any CPU
		{6194436C-C1CA-38FB-2697-3DDFD2321397}.Release|Any CPU.Build.0 = Release|Any CPU
	EndGlobalSection
	GlobalSection(SolutionProperties) = preSolution
		HideSolutionNode = FALSE
	EndGlobalSection
	GlobalSection(ExtensibilityGlobals) = postSolution
		SolutionGuid = {B7727C68-F274-493F-B25D-1DB800E10B2B}
	EndGlobalSection
EndGlobal
